// !$*UTF8*$!
{
	archiveVersion = 1;
	classes = {
	};
	objectVersion = 46;
	objects = {

/* Begin PBXBuildFile section */
		040565E71CEC3EC400218477 /* main.m in Sources */ = {isa = PBXBuildFile; fileRef = 040565E61CEC3EC400218477 /* main.m */; };
		040565EA1CEC3EC400218477 /* AppDelegate.m in Sources */ = {isa = PBXBuildFile; fileRef = 040565E91CEC3EC400218477 /* AppDelegate.m */; };
		040565ED1CEC3EC400218477 /* ViewController.m in Sources */ = {isa = PBXBuildFile; fileRef = 040565EC1CEC3EC400218477 /* ViewController.m */; };
		040565F01CEC3EC400218477 /* Main.storyboard in Resources */ = {isa = PBXBuildFile; fileRef = 040565EE1CEC3EC400218477 /* Main.storyboard */; };
		040565F21CEC3EC400218477 /* Assets.xcassets in Resources */ = {isa = PBXBuildFile; fileRef = 040565F11CEC3EC400218477 /* Assets.xcassets */; };
		040565F51CEC3EC400218477 /* LaunchScreen.storyboard in Resources */ = {isa = PBXBuildFile; fileRef = 040565F31CEC3EC400218477 /* LaunchScreen.storyboard */; };
		040566001CEC3EC400218477 /* JSPatchTestTests.m in Sources */ = {isa = PBXBuildFile; fileRef = 040565FF1CEC3EC400218477 /* JSPatchTestTests.m */; };
		0405660B1CEC3EC400218477 /* JSPatchTestUITests.m in Sources */ = {isa = PBXBuildFile; fileRef = 0405660A1CEC3EC400218477 /* JSPatchTestUITests.m */; };
		0405661C1CEC41A800218477 /* JPEngine.m in Sources */ = {isa = PBXBuildFile; fileRef = 0405661A1CEC41A800218477 /* JPEngine.m */; };
		0405661D1CEC41A800218477 /* JSPatch.js in Resources */ = {isa = PBXBuildFile; fileRef = 0405661B1CEC41A800218477 /* JSPatch.js */; };
		0405661F1CEC420D00218477 /* ws.js in Resources */ = {isa = PBXBuildFile; fileRef = 0405661E1CEC420D00218477 /* ws.js */; };
/* End PBXBuildFile section */

/* Begin PBXContainerItemProxy section */
		040565FC1CEC3EC400218477 /* PBXContainerItemProxy */ = {
			isa = PBXContainerItemProxy;
			containerPortal = 040565DA1CEC3EC400218477 /* Project object */;
			proxyType = 1;
			remoteGlobalIDString = 040565E11CEC3EC400218477;
			remoteInfo = JSPatchTest;
		};
		040566071CEC3EC400218477 /* PBXContainerItemProxy */ = {
			isa = PBXContainerItemProxy;
			containerPortal = 040565DA1CEC3EC400218477 /* Project object */;
			proxyType = 1;
			remoteGlobalIDString = 040565E11CEC3EC400218477;
			remoteInfo = JSPatchTest;
		};
/* End PBXContainerItemProxy section */

/* Begin PBXFileReference section */
		040565E21CEC3EC400218477 /* JSPatchTest.app */ = {isa = PBXFileReference; explicitFileType = wrapper.application; includeInIndex = 0; path = JSPatchTest.app; sourceTree = BUILT_PRODUCTS_DIR; };
		040565E61CEC3EC400218477 /* main.m */ = {isa = PBXFileReference; lastKnownFileType = sourcecode.c.objc; path = main.m; sourceTree = "<group>"; };
		040565E81CEC3EC400218477 /* AppDelegate.h */ = {isa = PBXFileReference; lastKnownFileType = sourcecode.c.h; path = AppDelegate.h; sourceTree = "<group>"; };
		040565E91CEC3EC400218477 /* AppDelegate.m */ = {isa = PBXFileReference; lastKnownFileType = sourcecode.c.objc; path = AppDelegate.m; sourceTree = "<group>"; };
		040565EB1CEC3EC400218477 /* ViewController.h */ = {isa = PBXFileReference; lastKnownFileType = sourcecode.c.h; path = ViewController.h; sourceTree = "<group>"; };
		040565EC1CEC3EC400218477 /* ViewController.m */ = {isa = PBXFileReference; lastKnownFileType = sourcecode.c.objc; path = ViewController.m; sourceTree = "<group>"; };
		040565EF1CEC3EC400218477 /* Base */ = {isa = PBXFileReference; lastKnownFileType = file.storyboard; name = Base; path = Base.lproj/Main.storyboard; sourceTree = "<group>"; };
		040565F11CEC3EC400218477 /* Assets.xcassets */ = {isa = PBXFileReference; lastKnownFileType = folder.assetcatalog; path = Assets.xcassets; sourceTree = "<group>"; };
		040565F41CEC3EC400218477 /* Base */ = {isa = PBXFileReference; lastKnownFileType = file.storyboard; name = Base; path = Base.lproj/LaunchScreen.storyboard; sourceTree = "<group>"; };
		040565F61CEC3EC400218477 /* Info.plist */ = {isa = PBXFileReference; lastKnownFileType = text.plist.xml; path = Info.plist; sourceTree = "<group>"; };
		040565FB1CEC3EC400218477 /* JSPatchTestTests.xctest */ = {isa = PBXFileReference; explicitFileType = wrapper.cfbundle; includeInIndex = 0; path = JSPatchTestTests.xctest; sourceTree = BUILT_PRODUCTS_DIR; };
		040565FF1CEC3EC400218477 /* JSPatchTestTests.m */ = {isa = PBXFileReference; lastKnownFileType = sourcecode.c.objc; path = JSPatchTestTests.m; sourceTree = "<group>"; };
		040566011CEC3EC400218477 /* Info.plist */ = {isa = PBXFileReference; lastKnownFileType = text.plist.xml; path = Info.plist; sourceTree = "<group>"; };
		040566061CEC3EC400218477 /* JSPatchTestUITests.xctest */ = {isa = PBXFileReference; explicitFileType = wrapper.cfbundle; includeInIndex = 0; path = JSPatchTestUITests.xctest; sourceTree = BUILT_PRODUCTS_DIR; };
		0405660A1CEC3EC400218477 /* JSPatchTestUITests.m */ = {isa = PBXFileReference; lastKnownFileType = sourcecode.c.objc; path = JSPatchTestUITests.m; sourceTree = "<group>"; };
		0405660C1CEC3EC400218477 /* Info.plist */ = {isa = PBXFileReference; lastKnownFileType = text.plist.xml; path = Info.plist; sourceTree = "<group>"; };
		040566191CEC41A800218477 /* JPEngine.h */ = {isa = PBXFileReference; fileEncoding = 4; lastKnownFileType = sourcecode.c.h; path = JPEngine.h; sourceTree = "<group>"; };
		0405661A1CEC41A800218477 /* JPEngine.m */ = {isa = PBXFileReference; fileEncoding = 4; lastKnownFileType = sourcecode.c.objc; path = JPEngine.m; sourceTree = "<group>"; };
		0405661B1CEC41A800218477 /* JSPatch.js */ = {isa = PBXFileReference; fileEncoding = 4; lastKnownFileType = sourcecode.javascript; path = JSPatch.js; sourceTree = "<group>"; };
		0405661E1CEC420D00218477 /* ws.js */ = {isa = PBXFileReference; fileEncoding = 4; lastKnownFileType = sourcecode.javascript; path = ws.js; sourceTree = "<group>"; };
/* End PBXFileReference section */

/* Begin PBXFrameworksBuildPhase section */
		040565DF1CEC3EC400218477 /* Frameworks */ = {
			isa = PBXFrameworksBuildPhase;
			buildActionMask = 2147483647;
			files = (
			);
			runOnlyForDeploymentPostprocessing = 0;
		};
		040565F81CEC3EC400218477 /* Frameworks */ = {
			isa = PBXFrameworksBuildPhase;
			buildActionMask = 2147483647;
			files = (
			);
			runOnlyForDeploymentPostprocessing = 0;
		};
		040566031CEC3EC400218477 /* Frameworks */ = {
			isa = PBXFrameworksBuildPhase;
			buildActionMask = 2147483647;
			files = (
			);
			runOnlyForDeploymentPostprocessing = 0;
		};
/* End PBXFrameworksBuildPhase section */

/* Begin PBXGroup section */
		040565D91CEC3EC400218477 = {
			isa = PBXGroup;
			children = (
				040565E41CEC3EC400218477 /* JSPatchTest */,
				040565FE1CEC3EC400218477 /* JSPatchTestTests */,
				040566091CEC3EC400218477 /* JSPatchTestUITests */,
				040565E31CEC3EC400218477 /* Products */,
			);
			sourceTree = "<group>";
		};
		040565E31CEC3EC400218477 /* Products */ = {
			isa = PBXGroup;
			children = (
				040565E21CEC3EC400218477 /* JSPatchTest.app */,
				040565FB1CEC3EC400218477 /* JSPatchTestTests.xctest */,
				040566061CEC3EC400218477 /* JSPatchTestUITests.xctest */,
			);
			name = Products;
			sourceTree = "<group>";
		};
		040565E41CEC3EC400218477 /* JSPatchTest */ = {
			isa = PBXGroup;
			children = (
				040566181CEC41A800218477 /* JSPatch */,
				040565E81CEC3EC400218477 /* AppDelegate.h */,
				040565E91CEC3EC400218477 /* AppDelegate.m */,
				040565EB1CEC3EC400218477 /* ViewController.h */,
				040565EC1CEC3EC400218477 /* ViewController.m */,
				040565EE1CEC3EC400218477 /* Main.storyboard */,
				040565F11CEC3EC400218477 /* Assets.xcassets */,
				040565F31CEC3EC400218477 /* LaunchScreen.storyboard */,
				040565F61CEC3EC400218477 /* Info.plist */,
				040565E51CEC3EC400218477 /* Supporting Files */,
				0405661E1CEC420D00218477 /* ws.js */,
			);
			path = JSPatchTest;
			sourceTree = "<group>";
		};
		040565E51CEC3EC400218477 /* Supporting Files */ = {
			isa = PBXGroup;
			children = (
				040565E61CEC3EC400218477 /* main.m */,
			);
			name = "Supporting Files";
			sourceTree = "<group>";
		};
		040565FE1CEC3EC400218477 /* JSPatchTestTests */ = {
			isa = PBXGroup;
			children = (
				040565FF1CEC3EC400218477 /* JSPatchTestTests.m */,
				040566011CEC3EC400218477 /* Info.plist */,
			);
			path = JSPatchTestTests;
			sourceTree = "<group>";
		};
		040566091CEC3EC400218477 /* JSPatchTestUITests */ = {
			isa = PBXGroup;
			children = (
				0405660A1CEC3EC400218477 /* JSPatchTestUITests.m */,
				0405660C1CEC3EC400218477 /* Info.plist */,
			);
			path = JSPatchTestUITests;
			sourceTree = "<group>";
		};
		040566181CEC41A800218477 /* JSPatch */ = {
			isa = PBXGroup;
			children = (
				040566191CEC41A800218477 /* JPEngine.h */,
				0405661A1CEC41A800218477 /* JPEngine.m */,
				0405661B1CEC41A800218477 /* JSPatch.js */,
			);
			path = JSPatch;
			sourceTree = "<group>";
		};
/* End PBXGroup section */

/* Begin PBXNativeTarget section */
		040565E11CEC3EC400218477 /* JSPatchTest */ = {
			isa = PBXNativeTarget;
			buildConfigurationList = 0405660F1CEC3EC400218477 /* Build configuration list for PBXNativeTarget "JSPatchTest" */;
			buildPhases = (
				040565DE1CEC3EC400218477 /* Sources */,
				040565DF1CEC3EC400218477 /* Frameworks */,
				040565E01CEC3EC400218477 /* Resources */,
			);
			buildRules = (
			);
			dependencies = (
			);
			name = JSPatchTest;
			productName = JSPatchTest;
			productReference = 040565E21CEC3EC400218477 /* JSPatchTest.app */;
			productType = "com.apple.product-type.application";
		};
		040565FA1CEC3EC400218477 /* JSPatchTestTests */ = {
			isa = PBXNativeTarget;
			buildConfigurationList = 040566121CEC3EC400218477 /* Build configuration list for PBXNativeTarget "JSPatchTestTests" */;
			buildPhases = (
				040565F71CEC3EC400218477 /* Sources */,
				040565F81CEC3EC400218477 /* Frameworks */,
				040565F91CEC3EC400218477 /* Resources */,
			);
			buildRules = (
			);
			dependencies = (
				040565FD1CEC3EC400218477 /* PBXTargetDependency */,
			);
			name = JSPatchTestTests;
			productName = JSPatchTestTests;
			productReference = 040565FB1CEC3EC400218477 /* JSPatchTestTests.xctest */;
			productType = "com.apple.product-type.bundle.unit-test";
		};
		040566051CEC3EC400218477 /* JSPatchTestUITests */ = {
			isa = PBXNativeTarget;
			buildConfigurationList = 040566151CEC3EC400218477 /* Build configuration list for PBXNativeTarget "JSPatchTestUITests" */;
			buildPhases = (
				040566021CEC3EC400218477 /* Sources */,
				040566031CEC3EC400218477 /* Frameworks */,
				040566041CEC3EC400218477 /* Resources */,
			);
			buildRules = (
			);
			dependencies = (
				040566081CEC3EC400218477 /* PBXTargetDependency */,
			);
			name = JSPatchTestUITests;
			productName = JSPatchTestUITests;
			productReference = 040566061CEC3EC400218477 /* JSPatchTestUITests.xctest */;
			productType = "com.apple.product-type.bundle.ui-testing";
		};
/* End PBXNativeTarget section */

/* Begin PBXProject section */
		040565DA1CEC3EC400218477 /* Project object */ = {
			isa = PBXProject;
			attributes = {
				LastUpgradeCheck = 0730;
				ORGANIZATIONNAME = mac;
				TargetAttributes = {
					040565E11CEC3EC400218477 = {
						CreatedOnToolsVersion = 7.3.1;
					};
					040565FA1CEC3EC400218477 = {
						CreatedOnToolsVersion = 7.3.1;
						TestTargetID = 040565E11CEC3EC400218477;
					};
					040566051CEC3EC400218477 = {
						CreatedOnToolsVersion = 7.3.1;
						TestTargetID = 040565E11CEC3EC400218477;
					};
				};
			};
			buildConfigurationList = 040565DD1CEC3EC400218477 /* Build configuration list for PBXProject "JSPatchTest" */;
			compatibilityVersion = "Xcode 3.2";
			developmentRegion = English;
			hasScannedForEncodings = 0;
			knownRegions = (
				en,
				Base,
			);
			mainGroup = 040565D91CEC3EC400218477;
			productRefGroup = 040565E31CEC3EC400218477 /* Products */;
			projectDirPath = "";
			projectRoot = "";
			targets = (
				040565E11CEC3EC400218477 /* JSPatchTest */,
				040565FA1CEC3EC400218477 /* JSPatchTestTests */,
				040566051CEC3EC400218477 /* JSPatchTestUITests */,
			);
		};
/* End PBXProject section */

/* Begin PBXResourcesBuildPhase section */
		040565E01CEC3EC400218477 /* Resources */ = {
			isa = PBXResourcesBuildPhase;
			buildActionMask = 2147483647;
			files = (
				0405661F1CEC420D00218477 /* ws.js in Resources */,
				040565F51CEC3EC400218477 /* LaunchScreen.storyboard in Resources */,
				040565F21CEC3EC400218477 /* Assets.xcassets in Resources */,
				0405661D1CEC41A800218477 /* JSPatch.js in Resources */,
				040565F01CEC3EC400218477 /* Main.storyboard in Resources */,
			);
			runOnlyForDeploymentPostprocessing = 0;
		};
		040565F91CEC3EC400218477 /* Resources */ = {
			isa = PBXResourcesBuildPhase;
			buildActionMask = 2147483647;
			files = (
			);
			runOnlyForDeploymentPostprocessing = 0;
		};
		040566041CEC3EC400218477 /* Resources */ = {
			isa = PBXResourcesBuildPhase;
			buildActionMask = 2147483647;
			files = (
			);
			runOnlyForDeploymentPostprocessing = 0;
		};
/* End PBXResourcesBuildPhase section */

/* Begin PBXSourcesBuildPhase section */
		040565DE1CEC3EC400218477 /* Sources */ = {
			isa = PBXSourcesBuildPhase;
			buildActionMask = 2147483647;
			files = (
				040565ED1CEC3EC400218477 /* ViewController.m in Sources */,
				0405661C1CEC41A800218477 /* JPEngine.m in Sources */,
				040565EA1CEC3EC400218477 /* AppDelegate.m in Sources */,
				040565E71CEC3EC400218477 /* main.m in Sources */,
			);
			runOnlyForDeploymentPostprocessing = 0;
		};
		040565F71CEC3EC400218477 /* Sources */ = {
			isa = PBXSourcesBuildPhase;
			buildActionMask = 2147483647;
			files = (
				040566001CEC3EC400218477 /* JSPatchTestTests.m in Sources */,
			);
			runOnlyForDeploymentPostprocessing = 0;
		};
		040566021CEC3EC400218477 /* Sources */ = {
			isa = PBXSourcesBuildPhase;
			buildActionMask = 2147483647;
			files = (
				0405660B1CEC3EC400218477 /* JSPatchTestUITests.m in Sources */,
			);
			runOnlyForDeploymentPostprocessing = 0;
		};
/* End PBXSourcesBuildPhase section */

/* Begin PBXTargetDependency section */
		040565FD1CEC3EC400218477 /* PBXTargetDependency */ = {
			isa = PBXTargetDependency;
			target = 040565E11CEC3EC400218477 /* JSPatchTest */;
			targetProxy = 040565FC1CEC3EC400218477 /* PBXContainerItemProxy */;
		};
		040566081CEC3EC400218477 /* PBXTargetDependency */ = {
			isa = PBXTargetDependency;
			target = 040565E11CEC3EC400218477 /* JSPatchTest */;
			targetProxy = 040566071CEC3EC400218477 /* PBXContainerItemProxy */;
		};
/* End PBXTargetDependency section */

/* Begin PBXVariantGroup section */
		040565EE1CEC3EC400218477 /* Main.storyboard */ = {
			isa = PBXVariantGroup;
			children = (
				040565EF1CEC3EC400218477 /* Base */,
			);
			name = Main.storyboard;
			sourceTree = "<group>";
		};
		040565F31CEC3EC400218477 /* LaunchScreen.storyboard */ = {
			isa = PBXVariantGroup;
			children = (
				040565F41CEC3EC400218477 /* Base */,
			);
			name = LaunchScreen.storyboard;
			sourceTree = "<group>";
		};
/* End PBXVariantGroup section */

/* Begin XCBuildConfiguration section */
		0405660D1CEC3EC400218477 /* Debug */ = {
			isa = XCBuildConfiguration;
			buildSettings = {
				ALWAYS_SEARCH_USER_PATHS = NO;
				CLANG_ANALYZER_NONNULL = YES;
				CLANG_CXX_LANGUAGE_STANDARD = "gnu++0x";
				CLANG_CXX_LIBRARY = "libc++";
				CLANG_ENABLE_MODULES = YES;
				CLANG_ENABLE_OBJC_ARC = YES;
				CLANG_WARN_BOOL_CONVERSION = YES;
				CLANG_WARN_CONSTANT_CONVERSION = YES;
				CLANG_WARN_DIRECT_OBJC_ISA_USAGE = YES_ERROR;
				CLANG_WARN_EMPTY_BODY = YES;
				CLANG_WARN_ENUM_CONVERSION = YES;
				CLANG_WARN_INT_CONVERSION = YES;
				CLANG_WARN_OBJC_ROOT_CLASS = YES_ERROR;
				CLANG_WARN_UNREACHABLE_CODE = YES;
				CLANG_WARN__DUPLICATE_METHOD_MATCH = YES;
				"CODE_SIGN_IDENTITY[sdk=iphoneos*]" = "iPhone Developer";
				COPY_PHASE_STRIP = NO;
				DEBUG_INFORMATION_FORMAT = dwarf;
				ENABLE_STRICT_OBJC_MSGSEND = YES;
				ENABLE_TESTABILITY = YES;
				GCC_C_LANGUAGE_STANDARD = gnu99;
				GCC_DYNAMIC_NO_PIC = NO;
				GCC_NO_COMMON_BLOCKS = YES;
				GCC_OPTIMIZATION_LEVEL = 0;
				GCC_PREPROCESSOR_DEFINITIONS = (
					"DEBUG=1",
					"$(inherited)",
				);
				GCC_WARN_64_TO_32_BIT_CONVERSION = YES;
				GCC_WARN_ABOUT_RETURN_TYPE = YES_ERROR;
				GCC_WARN_UNDECLARED_SELECTOR = YES;
				GCC_WARN_UNINITIALIZED_AUTOS = YES_AGGRESSIVE;
				GCC_WARN_UNUSED_FUNCTION = YES;
				GCC_WARN_UNUSED_VARIABLE = YES;
				IPHONEOS_DEPLOYMENT_TARGET = 9.3;
				MTL_ENABLE_DEBUG_INFO = YES;
				ONLY_ACTIVE_ARCH = YES;
				SDKROOT = iphoneos;
				TARGETED_DEVICE_FAMILY = "1,2";
			};
			name = Debug;
		};
		0405660E1CEC3EC400218477 /* Release */ = {
			isa = XCBuildConfiguration;
			buildSettings = {
				ALWAYS_SEARCH_USER_PATHS = NO;
				CLANG_ANALYZER_NONNULL = YES;
				CLANG_CXX_LANGUAGE_STANDARD = "gnu++0x";
				CLANG_CXX_LIBRARY = "libc++";
				CLANG_ENABLE_MODULES = YES;
				CLANG_ENABLE_OBJC_ARC = YES;
				CLANG_WARN_BOOL_CONVERSION = YES;
				CLANG_WARN_CONSTANT_CONVERSION = YES;
				CLANG_WARN_DIRECT_OBJC_ISA_USAGE = YES_ERROR;
				CLANG_WARN_EMPTY_BODY = YES;
				CLANG_WARN_ENUM_CONVERSION = YES;
				CLANG_WARN_INT_CONVERSION = YES;
				CLANG_WARN_OBJC_ROOT_CLASS = YES_ERROR;
				CLANG_WARN_UNREACHABLE_CODE = YES;
				CLANG_WARN__DUPLICATE_METHOD_MATCH = YES;
				"CODE_SIGN_IDENTITY[sdk=iphoneos*]" = "iPhone Developer";
				COPY_PHASE_STRIP = NO;
				DEBUG_INFORMATION_FORMAT = "dwarf-with-dsym";
				ENABLE_NS_ASSERTIONS = NO;
				ENABLE_STRICT_OBJC_MSGSEND = YES;
				GCC_C_LANGUAGE_STANDARD = gnu99;
				GCC_NO_COMMON_BLOCKS = YES;
				GCC_WARN_64_TO_32_BIT_CONVERSION = YES;
				GCC_WARN_ABOUT_RETURN_TYPE = YES_ERROR;
				GCC_WARN_UNDECLARED_SELECTOR = YES;
				GCC_WARN_UNINITIALIZED_AUTOS = YES_AGGRESSIVE;
				GCC_WARN_UNUSED_FUNCTION = YES;
				GCC_WARN_UNUSED_VARIABLE = YES;
				IPHONEOS_DEPLOYMENT_TARGET = 9.3;
				MTL_ENABLE_DEBUG_INFO = NO;
				SDKROOT = iphoneos;
				TARGETED_DEVICE_FAMILY = "1,2";
				VALIDATE_PRODUCT = YES;
			};
			name = Release;
		};
		040566101CEC3EC400218477 /* Debug */ = {
			isa = XCBuildConfiguration;
			buildSettings = {
				ASSETCATALOG_COMPILER_APPICON_NAME = AppIcon;
				INFOPLIST_FILE = JSPatchTest/Info.plist;
				LD_RUNPATH_SEARCH_PATHS = "$(inherited) @executable_path/Frameworks";
				PRODUCT_BUNDLE_IDENTIFIER = sss.JSPatchTest;
				PRODUCT_NAME = "$(TARGET_NAME)";
			};
			name = Debug;
		};
		040566111CEC3EC400218477 /* Release */ = {
			isa = XCBuildConfiguration;
			buildSettings = {
				ASSETCATALOG_COMPILER_APPICON_NAME = AppIcon;
				INFOPLIST_FILE = JSPatchTest/Info.plist;
				LD_RUNPATH_SEARCH_PATHS = "$(inherited) @executable_path/Frameworks";
				PRODUCT_BUNDLE_IDENTIFIER = sss.JSPatchTest;
				PRODUCT_NAME = "$(TARGET_NAME)";
			};
			name = Release;
		};
		040566131CEC3EC400218477 /* Debug */ = {
			isa = XCBuildConfiguration;
			buildSettings = {
				BUNDLE_LOADER = "$(TEST_HOST)";
				INFOPLIST_FILE = JSPatchTestTests/Info.plist;
				LD_RUNPATH_SEARCH_PATHS = "$(inherited) @executable_path/Frameworks @loader_path/Frameworks";
				PRODUCT_BUNDLE_IDENTIFIER = sss.JSPatchTestTests;
				PRODUCT_NAME = "$(TARGET_NAME)";
				TEST_HOST = "$(BUILT_PRODUCTS_DIR)/JSPatchTest.app/JSPatchTest";
			};
			name = Debug;
		};
		040566141CEC3EC400218477 /* Release */ = {
			isa = XCBuildConfiguration;
			buildSettings = {
				BUNDLE_LOADER = "$(TEST_HOST)";
				INFOPLIST_FILE = JSPatchTestTests/Info.plist;
				LD_RUNPATH_SEARCH_PATHS = "$(inherited) @executable_path/Frameworks @loader_path/Frameworks";
				PRODUCT_BUNDLE_IDENTIFIER = sss.JSPatchTestTests;
				PRODUCT_NAME = "$(TARGET_NAME)";
				TEST_HOST = "$(BUILT_PRODUCTS_DIR)/JSPatchTest.app/JSPatchTest";
			};
			name = Release;
		};
		040566161CEC3EC400218477 /* Debug */ = {
			isa = XCBuildConfiguration;
			buildSettings = {
				INFOPLIST_FILE = JSPatchTestUITests/Info.plist;
				LD_RUNPATH_SEARCH_PATHS = "$(inherited) @executable_path/Frameworks @loader_path/Frameworks";
				PRODUCT_BUNDLE_IDENTIFIER = sss.JSPatchTestUITests;
				PRODUCT_NAME = "$(TARGET_NAME)";
				TEST_TARGET_NAME = JSPatchTest;
			};
			name = Debug;
		};
		040566171CEC3EC400218477 /* Release */ = {
			isa = XCBuildConfiguration;
			buildSettings = {
				INFOPLIST_FILE = JSPatchTestUITests/Info.plist;
				LD_RUNPATH_SEARCH_PATHS = "$(inherited) @executable_path/Frameworks @loader_path/Frameworks";
				PRODUCT_BUNDLE_IDENTIFIER = sss.JSPatchTestUITests;
				PRODUCT_NAME = "$(TARGET_NAME)";
				TEST_TARGET_NAME = JSPatchTest;
			};
			name = Release;
		};
/* End XCBuildConfiguration section */

/* Begin XCConfigurationList section */
		040565DD1CEC3EC400218477 /* Build configuration list for PBXProject "JSPatchTest" */ = {
			isa = XCConfigurationList;
			buildConfigurations = (
				0405660D1CEC3EC400218477 /* Debug */,
				0405660E1CEC3EC400218477 /* Release */,
			);
			defaultConfigurationIsVisible = 0;
			defaultConfigurationName = Release;
		};
		0405660F1CEC3EC400218477 /* Build configuration list for PBXNativeTarget "JSPatchTest" */ = {
			isa = XCConfigurationList;
			buildConfigurations = (
				040566101CEC3EC400218477 /* Debug */,
				040566111CEC3EC400218477 /* Release */,
			);
			defaultConfigurationIsVisible = 0;
		};
		040566121CEC3EC400218477 /* Build configuration list for PBXNativeTarget "JSPatchTestTests" */ = {
			isa = XCConfigurationList;
			buildConfigurations = (
				040566131CEC3EC400218477 /* Debug */,
				040566141CEC3EC400218477 /* Release */,
			);
			defaultConfigurationIsVisible = 0;
		};
		040566151CEC3EC400218477 /* Build configuration list for PBXNativeTarget "JSPatchTestUITests" */ = {
			isa = XCConfigurationList;
			buildConfigurations = (
				040566161CEC3EC400218477 /* Debug */,
				040566171CEC3EC400218477 /* Release */,
			);
			defaultConfigurationIsVisible = 0;
		};
/* End XCConfigurationList section */
	};
	rootObject = 040565DA1CEC3EC400218477 /* Project object */;
}
